
Microsoft Visual Studio Solution File, Format Version 12.00
# Visual Studio Version 17
VisualStudioVersion = 17.9.34622.214
MinimumVisualStudioVersion = 10.0.40219.1
Project("{FAE04EC0-301F-11D3-BF4B-00C04F79EFBC}") = "Practical2.Android", "Practical2\Practical2.Android\Practical2.Android.csproj", "{5EB37194-D231-42C8-B198-B411F1701155}"
EndProject
Project("{FAE04EC0-301F-11D3-BF4B-00C04F79EFBC}") = "Practical2", "Practical2\Practical2\Practical2.csproj", "{3609994B-614F-41DA-B4B2-30C354FE6DED}"
EndProject
Global
	GlobalSection(SolutionConfigurationPlatforms) = preSolution
		Debug|Any CPU = Debug|Any CPU
		Release|Any CPU = Release|Any CPU
	EndGlobalSection
	GlobalSection(ProjectConfigurationPlatforms) = postSolution
		{5EB37194-D231-42C8-B198-B411F1701155}.Debug|Any CPU.ActiveCfg = Debug|Any CPU
		{5EB37194-D231-42C8-B198-B411F1701155}.Debug|Any CPU.Build.0 = Debug|Any CPU
		{5EB37194-D231-42C8-B198-B411F1701155}.Debug|Any CPU.Deploy.0 = Debug|Any CPU
		{5EB37194-D231-42C8-B198-B411F1701155}.Release|Any CPU.ActiveCfg = Release|Any CPU
		{5EB37194-D231-42C8-B198-B411F1701155}.Release|Any CPU.Build.0 = Release|Any CPU
		{5EB37194-D231-42C8-B198-B411F1701155}.Release|Any CPU.Deploy.0 = Release|Any CPU
		{3609994B-614F-41DA-B4B2-30C354FE6DED}.Debug|Any CPU.ActiveCfg = Debug|Any CPU
		{3609994B-614F-41DA-B4B2-30C354FE6DED}.Debug|Any CPU.Build.0 = Debug|Any CPU
		{3609994B-614F-41DA-B4B2-30C354FE6DED}.Debug|Any CPU.Deploy.0 = Debug|Any CPU
		{3609994B-614F-41DA-B4B2-30C354FE6DED}.Release|Any CPU.ActiveCfg = Release|Any CPU
		{3609994B-614F-41DA-B4B2-30C354FE6DED}.Release|Any CPU.Build.0 = Release|Any CPU
		{3609994B-614F-41DA-B4B2-30C354FE6DED}.Release|Any CPU.Deploy.0 = Release|Any CPU
	EndGlobalSection
	GlobalSection(SolutionProperties) = preSolution
		HideSolutionNode = FALSE
	EndGlobalSection
	GlobalSection(ExtensibilityGlobals) = postSolution
		SolutionGuid = {276F9CEC-1FCB-4BA0-9083-CD3F0FDB4F41}
	EndGlobalSection
EndGlobal
